// !$*UTF8*$!
{
	archiveVersion = 1;
	classes = {
	};
	objectVersion = 46;
	objects = {

/* Begin PBXBuildFile section */
		10A011C4860B38457134D6C /* UIKit.framework in Frameworks */ = {isa = PBXBuildFile; fileRef = 10A011C4860B38457134D6B /* UIKit.framework */; };
		10A011C4860B38457134D6E /* Foundation.framework in Frameworks */ = {isa = PBXBuildFile; fileRef = 10A011C4860B38457134D6D /* Foundation.framework */; };
		10A011C4860B38457134D70 /* CoreGraphics.framework in Frameworks */ = {isa = PBXBuildFile; fileRef = 10A011C4860B38457134D6F /* CoreGraphics.framework */; };
		10A011C4860B38457134D76 /* InfoPlist.strings in Resources */ = {isa = PBXBuildFile; fileRef = 10A011C4860B38457134D75 /* InfoPlist.strings */; };
		10A011C4860B38457134D78 /* main.m in Sources */ = {isa = PBXBuildFile; fileRef = 10A011C4860B38457134D77 /* main.m */; };
		10A011C4860B38457134D7C /* AppDelegate.m in Sources */ = {isa = PBXBuildFile; fileRef = 10A011C4860B38457134D7B /* AppDelegate.m */; };
		10A011C4860B38457134D9C /* AsyncURLConnection.m in Sources */ = {isa = PBXBuildFile; fileRef = 10A011C4860B38457134D9B /* AsyncURLConnection.m */; };
		10A011C4860B38457134D9F /* LoadingViewController.m in Sources */ = {isa = PBXBuildFile; fileRef = 10A011C4860B38457134D9E /* LoadingViewController.m */; };
		10A011C4860B38457134DA1 /* LoadingViewController.xib in Resources */ = {isa = PBXBuildFile; fileRef = 10A011C4860B38457134DA0 /* LoadingViewController.xib */; };
		10A011C4860B38457134DA7 /* NSString+Utils.m in Sources */ = {isa = PBXBuildFile; fileRef = 10A011C4860B38457134DA6 /* NSString+Utils.m */; };
		10A011C4860B38457134DAC /* NSObject+SBJson.m in Sources */ = {isa = PBXBuildFile; fileRef = 10A011C4860B38457134DAB /* NSObject+SBJson.m */; };
		10A011C4860B38457134DB0 /* SBJsonParser.m in Sources */ = {isa = PBXBuildFile; fileRef = 10A011C4860B38457134DAF /* SBJsonParser.m */; };
		10A011C4860B38457134DB3 /* SBJsonStreamParser.m in Sources */ = {isa = PBXBuildFile; fileRef = 10A011C4860B38457134DB2 /* SBJsonStreamParser.m */; };
		10A011C4860B38457134DB6 /* SBJsonStreamParserAccumulator.m in Sources */ = {isa = PBXBuildFile; fileRef = 10A011C4860B38457134DB5 /* SBJsonStreamParserAccumulator.m */; };
		10A011C4860B38457134DB9 /* SBJsonStreamParserAdapter.m in Sources */ = {isa = PBXBuildFile; fileRef = 10A011C4860B38457134DB8 /* SBJsonStreamParserAdapter.m */; };
		10A011C4860B38457134DBC /* SBJsonStreamParserState.m in Sources */ = {isa = PBXBuildFile; fileRef = 10A011C4860B38457134DBB /* SBJsonStreamParserState.m */; };
		10A011C4860B38457134DBF /* SBJsonStreamWriter.m in Sources */ = {isa = PBXBuildFile; fileRef = 10A011C4860B38457134DBE /* SBJsonStreamWriter.m */; };
		10A011C4860B38457134DC2 /* SBJsonStreamWriterAccumulator.m in Sources */ = {isa = PBXBuildFile; fileRef = 10A011C4860B38457134DC1 /* SBJsonStreamWriterAccumulator.m */; };
		10A011C4860B38457134DC5 /* SBJsonStreamWriterState.m in Sources */ = {isa = PBXBuildFile; fileRef = 10A011C4860B38457134DC4 /* SBJsonStreamWriterState.m */; };
		10A011C4860B38457134DC8 /* SBJsonTokeniser.m in Sources */ = {isa = PBXBuildFile; fileRef = 10A011C4860B38457134DC7 /* SBJsonTokeniser.m */; };
		10A011C4860B38457134DCB /* SBJsonUTF8Stream.m in Sources */ = {isa = PBXBuildFile; fileRef = 10A011C4860B38457134DCA /* SBJsonUTF8Stream.m */; };
		10A011C4860B38457134DCE /* SBJsonWriter.m in Sources */ = {isa = PBXBuildFile; fileRef = 10A011C4860B38457134DCD /* SBJsonWriter.m */; };
		10A011C4860B38457134DD0 /* Photo.m in Sources */ = {isa = PBXBuildFile; fileRef = 10A011C4860B38457134DCF /* Photo.m */; };
		10A011C4860B38457134DDA /* EGOImageLoadConnection.m in Sources */ = {isa = PBXBuildFile; fileRef = 10A011C4860B38457134DD9 /* EGOImageLoadConnection.m */; };
		10A011C4860B38457134DDD /* EGOImageLoader.m in Sources */ = {isa = PBXBuildFile; fileRef = 10A011C4860B38457134DDC /* EGOImageLoader.m */; };
		10A011C4860B38457134DE1 /* EGOImageView.m in Sources */ = {isa = PBXBuildFile; fileRef = 10A011C4860B38457134DE0 /* EGOImageView.m */; };
		10A011C4860B38457134DE5 /* PhotoGridViewControllers.m in Sources */ = {isa = PBXBuildFile; fileRef = 10A011C4860B38457134DE4 /* PhotoGridViewControllers.m */; };
		10A011C4860B38457134DE7 /* PhotoGridViewControllers.xib in Resources */ = {isa = PBXBuildFile; fileRef = 10A011C4860B38457134DE6 /* PhotoGridViewControllers.xib */; };
		10A011C4860B38457134DE9 /* PhotoGridCell.m in Sources */ = {isa = PBXBuildFile; fileRef = 10A011C4860B38457134DE8 /* PhotoGridCell.m */; };
		FCDA417414689FD7000D4C27 /* PhotoGridCell.xib in Resources */ = {isa = PBXBuildFile; fileRef = FCDA417314689FD7000D4C27 /* PhotoGridCell.xib */; };
		FCDA417414689FD7000D4C2B /* DTGridView.m in Sources */ = {isa = PBXBuildFile; fileRef = FCDA417414689FD7000D4C2A /* DTGridView.m */; };
		FCDA417414689FD7000D4C2E /* DTGridViewCell.m in Sources */ = {isa = PBXBuildFile; fileRef = FCDA417414689FD7000D4C2D /* DTGridViewCell.m */; };
		FCDA417414689FD7000D4C32 /* DTGridViewController.m in Sources */ = {isa = PBXBuildFile; fileRef = FCDA417414689FD7000D4C31 /* DTGridViewController.m */; };
		FCDA417414689FD7000D4C36 /* DTInfiniteGridView.m in Sources */ = {isa = PBXBuildFile; fileRef = FCDA417414689FD7000D4C35 /* DTInfiniteGridView.m */; };
		FCDA417414689FD7000D4C3A /* DTLabelsSnapGridViewCell.m in Sources */ = {isa = PBXBuildFile; fileRef = FCDA417414689FD7000D4C39 /* DTLabelsSnapGridViewCell.m */; };
		FCDA417414689FD7000D4C3D /* DTSnapGridView.m in Sources */ = {isa = PBXBuildFile; fileRef = FCDA417414689FD7000D4C3C /* DTSnapGridView.m */; };
		FCDA417414689FD7000D4C40 /* DTSnapGridViewCell.m in Sources */ = {isa = PBXBuildFile; fileRef = FCDA417414689FD7000D4C3F /* DTSnapGridViewCell.m */; };
		FCDA417414689FD7000D4C43 /* UIImage+Resize.m in Sources */ = {isa = PBXBuildFile; fileRef = FCDA417414689FD7000D4C42 /* UIImage+Resize.m */; };
		FCDA417414689FD7000D4C4C /* MWPhotoBrowser.m in Sources */ = {isa = PBXBuildFile; fileRef = FCDA417414689FD7000D4C4B /* MWPhotoBrowser.m */; };
		FCDA417414689FD7000D4C4F /* MWPhoto.m in Sources */ = {isa = PBXBuildFile; fileRef = FCDA417414689FD7000D4C4E /* MWPhoto.m */; };
		FCDA417414689FD7000D4C52 /* ZoomingScrollView.m in Sources */ = {isa = PBXBuildFile; fileRef = FCDA417414689FD7000D4C51 /* ZoomingScrollView.m */; };
		FCDA417414689FD7000D4C55 /* UIImageViewTap.m in Sources */ = {isa = PBXBuildFile; fileRef = FCDA417414689FD7000D4C54 /* UIImageViewTap.m */; };
		FCDA417414689FD7000D4C58 /* UIViewTap.m in Sources */ = {isa = PBXBuildFile; fileRef = FCDA417414689FD7000D4C57 /* UIViewTap.m */; };
		FCDA417414689FD7000D4C5B /* UIImage+Decompress.m in Sources */ = {isa = PBXBuildFile; fileRef = FCDA417414689FD7000D4C5A /* UIImage+Decompress.m */; };
		FCDA417414689FD7000D4C5E /* EGOCache.m in Sources */ = {isa = PBXBuildFile; fileRef = FCDA417414689FD7000D4C5D /* EGOCache.m */; };
/* End PBXBuildFile section */

/* Begin PBXFileReference section */
		10A011C4860B38457134D62 /* GirlXinhVN.app */ = {isa = PBXFileReference; explicitFileType = wrapper.application; includeInIndex = 0; path = GirlXinhVN.app; sourceTree = BUILT_PRODUCTS_DIR; };
		10A011C4860B38457134D6B /* UIKit.framework */ = {isa = PBXFileReference; lastKnownFileType = wrapper.framework; name = UIKit.framework; path = System/Library/Frameworks/UIKit.framework; sourceTree = SDKROOT; };
		10A011C4860B38457134D6D /* Foundation.framework */ = {isa = PBXFileReference; lastKnownFileType = wrapper.framework; name = Foundation.framework; path = System/Library/Frameworks/Foundation.framework; sourceTree = SDKROOT; };
		10A011C4860B38457134D6F /* CoreGraphics.framework */ = {isa = PBXFileReference; lastKnownFileType = wrapper.framework; name = CoreGraphics.framework; path = System/Library/Frameworks/CoreGraphics.framework; sourceTree = SDKROOT; };
		10A011C4860B38457134D73 /* GirlXinhVN-Info.plist */ = {isa = PBXFileReference; lastKnownFileType = text.plist.info; path = "GirlXinhVN-Info.plist"; sourceTree = "<group>"; };
		10A011C4860B38457134D74 /* en */ = {isa = PBXFileReference; lastKnownFileType = text.plist.strings; name = en; path = en.lproj/InfoPlist.strings; sourceTree = "<group>"; };
		10A011C4860B38457134D77 /* main.m */ = {isa = PBXFileReference; lastKnownFileType = sourcecode.c.objc; path = main.m; sourceTree = "<group>"; };
		10A011C4860B38457134D79 /* GirlXinhVN-Prefix.pch */ = {isa = PBXFileReference; lastKnownFileType = sourcecode.c.h; path = "GirlXinhVN-Prefix.pch"; sourceTree = "<group>"; };
		10A011C4860B38457134D7A /* AppDelegate.h */ = {isa = PBXFileReference; lastKnownFileType = sourcecode.c.h; path = AppDelegate.h; sourceTree = "<group>"; };
		10A011C4860B38457134D7B /* AppDelegate.m */ = {isa = PBXFileReference; lastKnownFileType = sourcecode.c.objc; path = AppDelegate.m; sourceTree = "<group>"; };
		10A011C4860B38457134D9A /* AsyncURLConnection.h */ = {isa = PBXFileReference; fileEncoding = 4; lastKnownFileType = sourcecode.c.h; path = AsyncURLConnection.h; sourceTree = "<group>"; };
		10A011C4860B38457134D9B /* AsyncURLConnection.m */ = {isa = PBXFileReference; fileEncoding = 4; lastKnownFileType = sourcecode.c.objc; path = AsyncURLConnection.m; sourceTree = "<group>"; };
		10A011C4860B38457134D9D /* LoadingViewController.h */ = {isa = PBXFileReference; fileEncoding = 4; lastKnownFileType = sourcecode.c.h; path = LoadingViewController.h; sourceTree = "<group>"; };
		10A011C4860B38457134D9E /* LoadingViewController.m */ = {isa = PBXFileReference; fileEncoding = 4; lastKnownFileType = sourcecode.c.objc; path = LoadingViewController.m; sourceTree = "<group>"; };
		10A011C4860B38457134DA0 /* LoadingViewController.xib */ = {isa = PBXFileReference; lastKnownFileType = file.xib; path = LoadingViewController.xib; sourceTree = "<group>"; };
		10A011C4860B38457134DA5 /* NSString+Utils.h */ = {isa = PBXFileReference; fileEncoding = 4; lastKnownFileType = sourcecode.c.h; path = "NSString+Utils.h"; sourceTree = "<group>"; };
		10A011C4860B38457134DA6 /* NSString+Utils.m */ = {isa = PBXFileReference; fileEncoding = 4; lastKnownFileType = sourcecode.c.objc; path = "NSString+Utils.m"; sourceTree = "<group>"; };
		10A011C4860B38457134DA9 /* JSON.h */ = {isa = PBXFileReference; fileEncoding = 4; lastKnownFileType = sourcecode.c.h; path = JSON.h; sourceTree = "<group>"; };
		10A011C4860B38457134DAA /* NSObject+SBJson.h */ = {isa = PBXFileReference; fileEncoding = 4; lastKnownFileType = sourcecode.c.h; path = "NSObject+SBJson.h"; sourceTree = "<group>"; };
		10A011C4860B38457134DAB /* NSObject+SBJson.m */ = {isa = PBXFileReference; fileEncoding = 4; lastKnownFileType = sourcecode.c.objc; path = "NSObject+SBJson.m"; sourceTree = "<group>"; };
		10A011C4860B38457134DAD /* SBJson.h */ = {isa = PBXFileReference; fileEncoding = 4; lastKnownFileType = sourcecode.c.h; path = SBJson.h; sourceTree = "<group>"; };
		10A011C4860B38457134DAE /* SBJsonParser.h */ = {isa = PBXFileReference; fileEncoding = 4; lastKnownFileType = sourcecode.c.h; path = SBJsonParser.h; sourceTree = "<group>"; };
		10A011C4860B38457134DAF /* SBJsonParser.m */ = {isa = PBXFileReference; fileEncoding = 4; lastKnownFileType = sourcecode.c.objc; path = SBJsonParser.m; sourceTree = "<group>"; };
		10A011C4860B38457134DB1 /* SBJsonStreamParser.h */ = {isa = PBXFileReference; fileEncoding = 4; lastKnownFileType = sourcecode.c.h; path = SBJsonStreamParser.h; sourceTree = "<group>"; };
		10A011C4860B38457134DB2 /* SBJsonStreamParser.m */ = {isa = PBXFileReference; fileEncoding = 4; lastKnownFileType = sourcecode.c.objc; path = SBJsonStreamParser.m; sourceTree = "<group>"; };
		10A011C4860B38457134DB4 /* SBJsonStreamParserAccumulator.h */ = {isa = PBXFileReference; fileEncoding = 4; lastKnownFileType = sourcecode.c.h; path = SBJsonStreamParserAccumulator.h; sourceTree = "<group>"; };
		10A011C4860B38457134DB5 /* SBJsonStreamParserAccumulator.m */ = {isa = PBXFileReference; fileEncoding = 4; lastKnownFileType = sourcecode.c.objc; path = SBJsonStreamParserAccumulator.m; sourceTree = "<group>"; };
		10A011C4860B38457134DB7 /* SBJsonStreamParserAdapter.h */ = {isa = PBXFileReference; fileEncoding = 4; lastKnownFileType = sourcecode.c.h; path = SBJsonStreamParserAdapter.h; sourceTree = "<group>"; };
		10A011C4860B38457134DB8 /* SBJsonStreamParserAdapter.m */ = {isa = PBXFileReference; fileEncoding = 4; lastKnownFileType = sourcecode.c.objc; path = SBJsonStreamParserAdapter.m; sourceTree = "<group>"; };
		10A011C4860B38457134DBA /* SBJsonStreamParserState.h */ = {isa = PBXFileReference; fileEncoding = 4; lastKnownFileType = sourcecode.c.h; path = SBJsonStreamParserState.h; sourceTree = "<group>"; };
		10A011C4860B38457134DBB /* SBJsonStreamParserState.m */ = {isa = PBXFileReference; fileEncoding = 4; lastKnownFileType = sourcecode.c.objc; path = SBJsonStreamParserState.m; sourceTree = "<group>"; };
		10A011C4860B38457134DBD /* SBJsonStreamWriter.h */ = {isa = PBXFileReference; fileEncoding = 4; lastKnownFileType = sourcecode.c.h; path = SBJsonStreamWriter.h; sourceTree = "<group>"; };
		10A011C4860B38457134DBE /* SBJsonStreamWriter.m */ = {isa = PBXFileReference; fileEncoding = 4; lastKnownFileType = sourcecode.c.objc; path = SBJsonStreamWriter.m; sourceTree = "<group>"; };
		10A011C4860B38457134DC0 /* SBJsonStreamWriterAccumulator.h */ = {isa = PBXFileReference; fileEncoding = 4; lastKnownFileType = sourcecode.c.h; path = SBJsonStreamWriterAccumulator.h; sourceTree = "<group>"; };
		10A011C4860B38457134DC1 /* SBJsonStreamWriterAccumulator.m */ = {isa = PBXFileReference; fileEncoding = 4; lastKnownFileType = sourcecode.c.objc; path = SBJsonStreamWriterAccumulator.m; sourceTree = "<group>"; };
		10A011C4860B38457134DC3 /* SBJsonStreamWriterState.h */ = {isa = PBXFileReference; fileEncoding = 4; lastKnownFileType = sourcecode.c.h; path = SBJsonStreamWriterState.h; sourceTree = "<group>"; };
		10A011C4860B38457134DC4 /* SBJsonStreamWriterState.m */ = {isa = PBXFileReference; fileEncoding = 4; lastKnownFileType = sourcecode.c.objc; path = SBJsonStreamWriterState.m; sourceTree = "<group>"; };
		10A011C4860B38457134DC6 /* SBJsonTokeniser.h */ = {isa = PBXFileReference; fileEncoding = 4; lastKnownFileType = sourcecode.c.h; path = SBJsonTokeniser.h; sourceTree = "<group>"; };
		10A011C4860B38457134DC7 /* SBJsonTokeniser.m */ = {isa = PBXFileReference; fileEncoding = 4; lastKnownFileType = sourcecode.c.objc; path = SBJsonTokeniser.m; sourceTree = "<group>"; };
		10A011C4860B38457134DC9 /* SBJsonUTF8Stream.h */ = {isa = PBXFileReference; fileEncoding = 4; lastKnownFileType = sourcecode.c.h; path = SBJsonUTF8Stream.h; sourceTree = "<group>"; };
		10A011C4860B38457134DCA /* SBJsonUTF8Stream.m */ = {isa = PBXFileReference; fileEncoding = 4; lastKnownFileType = sourcecode.c.objc; path = SBJsonUTF8Stream.m; sourceTree = "<group>"; };
		10A011C4860B38457134DCC /* SBJsonWriter.h */ = {isa = PBXFileReference; fileEncoding = 4; lastKnownFileType = sourcecode.c.h; path = SBJsonWriter.h; sourceTree = "<group>"; };
		10A011C4860B38457134DCD /* SBJsonWriter.m */ = {isa = PBXFileReference; fileEncoding = 4; lastKnownFileType = sourcecode.c.objc; path = SBJsonWriter.m; sourceTree = "<group>"; };
		10A011C4860B38457134DCF /* Photo.m */ = {isa = PBXFileReference; fileEncoding = 4; lastKnownFileType = sourcecode.c.objc; path = Photo.m; sourceTree = "<group>"; };
		10A011C4860B38457134DD1 /* Photo.h */ = {isa = PBXFileReference; fileEncoding = 4; lastKnownFileType = sourcecode.c.h; path = Photo.h; sourceTree = "<group>"; };
		10A011C4860B38457134DD8 /* EGOImageLoadConnection.h */ = {isa = PBXFileReference; fileEncoding = 4; lastKnownFileType = sourcecode.c.h; path = EGOImageLoadConnection.h; sourceTree = "<group>"; };
		10A011C4860B38457134DD9 /* EGOImageLoadConnection.m */ = {isa = PBXFileReference; fileEncoding = 4; lastKnownFileType = sourcecode.c.objc; path = EGOImageLoadConnection.m; sourceTree = "<group>"; };
		10A011C4860B38457134DDB /* EGOImageLoader.h */ = {isa = PBXFileReference; fileEncoding = 4; lastKnownFileType = sourcecode.c.h; path = EGOImageLoader.h; sourceTree = "<group>"; };
		10A011C4860B38457134DDC /* EGOImageLoader.m */ = {isa = PBXFileReference; fileEncoding = 4; lastKnownFileType = sourcecode.c.objc; path = EGOImageLoader.m; sourceTree = "<group>"; };
		10A011C4860B38457134DDF /* EGOImageView.h */ = {isa = PBXFileReference; fileEncoding = 4; lastKnownFileType = sourcecode.c.h; path = EGOImageView.h; sourceTree = "<group>"; };
		10A011C4860B38457134DE0 /* EGOImageView.m */ = {isa = PBXFileReference; fileEncoding = 4; lastKnownFileType = sourcecode.c.objc; path = EGOImageView.m; sourceTree = "<group>"; };
		10A011C4860B38457134DE2 /* AppDefines.h */ = {isa = PBXFileReference; fileEncoding = 4; lastKnownFileType = sourcecode.c.h; path = AppDefines.h; sourceTree = "<group>"; };
		10A011C4860B38457134DE3 /* PhotoGridViewControllers.h */ = {isa = PBXFileReference; fileEncoding = 4; lastKnownFileType = sourcecode.c.h; path = PhotoGridViewControllers.h; sourceTree = "<group>"; };
		10A011C4860B38457134DE4 /* PhotoGridViewControllers.m */ = {isa = PBXFileReference; fileEncoding = 4; lastKnownFileType = sourcecode.c.objc; path = PhotoGridViewControllers.m; sourceTree = "<group>"; };
		10A011C4860B38457134DE6 /* PhotoGridViewControllers.xib */ = {isa = PBXFileReference; lastKnownFileType = file.xib; path = PhotoGridViewControllers.xib; sourceTree = "<group>"; };
		10A011C4860B38457134DE8 /* PhotoGridCell.m */ = {isa = PBXFileReference; fileEncoding = 4; lastKnownFileType = sourcecode.c.objc; path = PhotoGridCell.m; sourceTree = "<group>"; };
		10A011C4860B38457134DEA /* PhotoGridCell.h */ = {isa = PBXFileReference; fileEncoding = 4; lastKnownFileType = sourcecode.c.h; path = PhotoGridCell.h; sourceTree = "<group>"; };
		FCDA417314689FD7000D4C27 /* PhotoGridCell.xib */ = {isa = PBXFileReference; fileEncoding = 4; lastKnownFileType = file.xib; path = PhotoGridCell.xib; sourceTree = "<group>"; };
		FCDA417414689FD7000D4C29 /* DTGridView.h */ = {isa = PBXFileReference; fileEncoding = 4; lastKnownFileType = sourcecode.c.h; path = DTGridView.h; sourceTree = "<group>"; };
		FCDA417414689FD7000D4C2A /* DTGridView.m */ = {isa = PBXFileReference; fileEncoding = 4; lastKnownFileType = sourcecode.c.objc; path = DTGridView.m; sourceTree = "<group>"; };
		FCDA417414689FD7000D4C2C /* DTGridViewCell.h */ = {isa = PBXFileReference; fileEncoding = 4; lastKnownFileType = sourcecode.c.h; path = DTGridViewCell.h; sourceTree = "<group>"; };
		FCDA417414689FD7000D4C2D /* DTGridViewCell.m */ = {isa = PBXFileReference; fileEncoding = 4; lastKnownFileType = sourcecode.c.objc; path = DTGridViewCell.m; sourceTree = "<group>"; };
		FCDA417414689FD7000D4C2F /* DTGridViewCellInfoProtocol.h */ = {isa = PBXFileReference; fileEncoding = 4; lastKnownFileType = sourcecode.c.h; path = DTGridViewCellInfoProtocol.h; sourceTree = "<group>"; };
		FCDA417414689FD7000D4C30 /* DTGridViewController.h */ = {isa = PBXFileReference; fileEncoding = 4; lastKnownFileType = sourcecode.c.h; path = DTGridViewController.h; sourceTree = "<group>"; };
		FCDA417414689FD7000D4C31 /* DTGridViewController.m */ = {isa = PBXFileReference; fileEncoding = 4; lastKnownFileType = sourcecode.c.objc; path = DTGridViewController.m; sourceTree = "<group>"; };
		FCDA417414689FD7000D4C34 /* DTInfiniteGridView.h */ = {isa = PBXFileReference; fileEncoding = 4; lastKnownFileType = sourcecode.c.h; path = DTInfiniteGridView.h; sourceTree = "<group>"; };
		FCDA417414689FD7000D4C35 /* DTInfiniteGridView.m */ = {isa = PBXFileReference; fileEncoding = 4; lastKnownFileType = sourcecode.c.objc; path = DTInfiniteGridView.m; sourceTree = "<group>"; };
		FCDA417414689FD7000D4C38 /* DTLabelsSnapGridViewCell.h */ = {isa = PBXFileReference; fileEncoding = 4; lastKnownFileType = sourcecode.c.h; path = DTLabelsSnapGridViewCell.h; sourceTree = "<group>"; };
		FCDA417414689FD7000D4C39 /* DTLabelsSnapGridViewCell.m */ = {isa = PBXFileReference; fileEncoding = 4; lastKnownFileType = sourcecode.c.objc; path = DTLabelsSnapGridViewCell.m; sourceTree = "<group>"; };
		FCDA417414689FD7000D4C3B /* DTSnapGridView.h */ = {isa = PBXFileReference; fileEncoding = 4; lastKnownFileType = sourcecode.c.h; path = DTSnapGridView.h; sourceTree = "<group>"; };
		FCDA417414689FD7000D4C3C /* DTSnapGridView.m */ = {isa = PBXFileReference; fileEncoding = 4; lastKnownFileType = sourcecode.c.objc; path = DTSnapGridView.m; sourceTree = "<group>"; };
		FCDA417414689FD7000D4C3E /* DTSnapGridViewCell.h */ = {isa = PBXFileReference; fileEncoding = 4; lastKnownFileType = sourcecode.c.h; path = DTSnapGridViewCell.h; sourceTree = "<group>"; };
		FCDA417414689FD7000D4C3F /* DTSnapGridViewCell.m */ = {isa = PBXFileReference; fileEncoding = 4; lastKnownFileType = sourcecode.c.objc; path = DTSnapGridViewCell.m; sourceTree = "<group>"; };
		FCDA417414689FD7000D4C42 /* UIImage+Resize.m */ = {isa = PBXFileReference; fileEncoding = 4; lastKnownFileType = sourcecode.c.objc; path = "UIImage+Resize.m"; sourceTree = "<group>"; };
		FCDA417414689FD7000D4C44 /* UIImage+Resize.h */ = {isa = PBXFileReference; fileEncoding = 4; lastKnownFileType = sourcecode.c.h; path = "UIImage+Resize.h"; sourceTree = "<group>"; };
		FCDA417414689FD7000D4C4A /* MWPhotoBrowser.h */ = {isa = PBXFileReference; fileEncoding = 4; lastKnownFileType = sourcecode.c.h; path = MWPhotoBrowser.h; sourceTree = "<group>"; };
		FCDA417414689FD7000D4C4B /* MWPhotoBrowser.m */ = {isa = PBXFileReference; fileEncoding = 4; lastKnownFileType = sourcecode.c.objc; path = MWPhotoBrowser.m; sourceTree = "<group>"; };
		FCDA417414689FD7000D4C4D /* MWPhoto.h */ = {isa = PBXFileReference; fileEncoding = 4; lastKnownFileType = sourcecode.c.h; path = MWPhoto.h; sourceTree = "<group>"; };
		FCDA417414689FD7000D4C4E /* MWPhoto.m */ = {isa = PBXFileReference; fileEncoding = 4; lastKnownFileType = sourcecode.c.objc; path = MWPhoto.m; sourceTree = "<group>"; };
		FCDA417414689FD7000D4C50 /* ZoomingScrollView.h */ = {isa = PBXFileReference; fileEncoding = 4; lastKnownFileType = sourcecode.c.h; path = ZoomingScrollView.h; sourceTree = "<group>"; };
		FCDA417414689FD7000D4C51 /* ZoomingScrollView.m */ = {isa = PBXFileReference; fileEncoding = 4; lastKnownFileType = sourcecode.c.objc; path = ZoomingScrollView.m; sourceTree = "<group>"; };
		FCDA417414689FD7000D4C53 /* UIImageViewTap.h */ = {isa = PBXFileReference; fileEncoding = 4; lastKnownFileType = sourcecode.c.h; path = UIImageViewTap.h; sourceTree = "<group>"; };
		FCDA417414689FD7000D4C54 /* UIImageViewTap.m */ = {isa = PBXFileReference; fileEncoding = 4; lastKnownFileType = sourcecode.c.objc; path = UIImageViewTap.m; sourceTree = "<group>"; };
		FCDA417414689FD7000D4C56 /* UIViewTap.h */ = {isa = PBXFileReference; fileEncoding = 4; lastKnownFileType = sourcecode.c.h; path = UIViewTap.h; sourceTree = "<group>"; };
		FCDA417414689FD7000D4C57 /* UIViewTap.m */ = {isa = PBXFileReference; fileEncoding = 4; lastKnownFileType = sourcecode.c.objc; path = UIViewTap.m; sourceTree = "<group>"; };
		FCDA417414689FD7000D4C59 /* UIImage+Decompress.h */ = {isa = PBXFileReference; fileEncoding = 4; lastKnownFileType = sourcecode.c.h; path = "UIImage+Decompress.h"; sourceTree = "<group>"; };
		FCDA417414689FD7000D4C5A /* UIImage+Decompress.m */ = {isa = PBXFileReference; fileEncoding = 4; lastKnownFileType = sourcecode.c.objc; path = "UIImage+Decompress.m"; sourceTree = "<group>"; };
		FCDA417414689FD7000D4C5D /* EGOCache.m */ = {isa = PBXFileReference; fileEncoding = 4; lastKnownFileType = sourcecode.c.objc; path = EGOCache.m; sourceTree = "<group>"; };
		FCDA417414689FD7000D4C5F /* EGOCache.h */ = {isa = PBXFileReference; fileEncoding = 4; lastKnownFileType = sourcecode.c.h; path = EGOCache.h; sourceTree = "<group>"; };
/* End PBXFileReference section */

/* Begin PBXFrameworksBuildPhase section */
		10A011C4860B38457134D68 /* Frameworks */ = {
			isa = PBXFrameworksBuildPhase;
			buildActionMask = 2147483647;
			files = (
				10A011C4860B38457134D6C /* UIKit.framework in Frameworks */,
				10A011C4860B38457134D6E /* Foundation.framework in Frameworks */,
				10A011C4860B38457134D70 /* CoreGraphics.framework in Frameworks */,
			);
			runOnlyForDeploymentPostprocessing = 0;
		};
/* End PBXFrameworksBuildPhase section */

/* Begin PBXGroup section */
		10A011C4860B38457134D5E = {
			isa = PBXGroup;
			children = (
				10A011C4860B38457134D5F /* Products */,
				10A011C4860B38457134D6A /* Frameworks */,
				10A011C4860B38457134D71 /* GirlXinhVN */,
			);
			sourceTree = "<group>";
		};
		10A011C4860B38457134D5F /* Products */ = {
			isa = PBXGroup;
			children = (
				10A011C4860B38457134D62 /* GirlXinhVN.app */,
			);
			name = Products;
			sourceTree = "<group>";
		};
		10A011C4860B38457134D6A /* Frameworks */ = {
			isa = PBXGroup;
			children = (
				10A011C4860B38457134D6F /* CoreGraphics.framework */,
				10A011C4860B38457134D6D /* Foundation.framework */,
				10A011C4860B38457134D6B /* UIKit.framework */,
			);
			name = Frameworks;
			sourceTree = "<group>";
		};
		10A011C4860B38457134D71 /* GirlXinhVN */ = {
			isa = PBXGroup;
			children = (
				10A011C4860B38457134D7B /* AppDelegate.m */,
				10A011C4860B38457134D7A /* AppDelegate.h */,
				10A011C4860B38457134D72 /* Supporting Files */,
				10A011C4860B38457134D7D /* ViewControllers */,
				10A011C4860B38457134D7E /* Data */,
				10A011C4860B38457134D7F /* Helpers */,
				10A011C4860B38457134D80 /* Libraries */,
			);
			path = GirlXinhVN;
			sourceTree = "<group>";
		};
		10A011C4860B38457134D72 /* Supporting Files */ = {
			isa = PBXGroup;
			children = (
				10A011C4860B38457134DE2 /* AppDefines.h */,
				10A011C4860B38457134D79 /* GirlXinhVN-Prefix.pch */,
				10A011C4860B38457134D77 /* main.m */,
				10A011C4860B38457134D75 /* InfoPlist.strings */,
				10A011C4860B38457134D73 /* GirlXinhVN-Info.plist */,
			);
			name = "Supporting Files";
			sourceTree = "<group>";
		};
		10A011C4860B38457134D7D /* ViewControllers */ = {
			isa = PBXGroup;
			children = (
				10A011C4860B38457134DEA /* PhotoGridCell.h */,
				10A011C4860B38457134DE8 /* PhotoGridCell.m */,
				10A011C4860B38457134DE6 /* PhotoGridViewControllers.xib */,
				10A011C4860B38457134DE4 /* PhotoGridViewControllers.m */,
				10A011C4860B38457134DE3 /* PhotoGridViewControllers.h */,
				10A011C4860B38457134DA0 /* LoadingViewController.xib */,
				10A011C4860B38457134D9E /* LoadingViewController.m */,
				10A011C4860B38457134D9D /* LoadingViewController.h */,
				FCDA417314689FD7000D4C27 /* PhotoGridCell.xib */,
			);
			path = ViewControllers;
			sourceTree = "<group>";
		};
		10A011C4860B38457134D7E /* Data */ = {
			isa = PBXGroup;
			children = (
				10A011C4860B38457134DD1 /* Photo.h */,
				10A011C4860B38457134DCF /* Photo.m */,
			);
			path = Data;
			sourceTree = "<group>";
		};
		10A011C4860B38457134D7F /* Helpers */ = {
			isa = PBXGroup;
			children = (
			);
			path = Helpers;
			sourceTree = "<group>";
		};
		10A011C4860B38457134D80 /* Libraries */ = {
			isa = PBXGroup;
			children = (
				FCDA417414689FD7000D4C5A /* UIImage+Decompress.m */,
				FCDA417414689FD7000D4C59 /* UIImage+Decompress.h */,
				FCDA417414689FD7000D4C57 /* UIViewTap.m */,
				FCDA417414689FD7000D4C56 /* UIViewTap.h */,
				FCDA417414689FD7000D4C54 /* UIImageViewTap.m */,
				FCDA417414689FD7000D4C53 /* UIImageViewTap.h */,
				FCDA417414689FD7000D4C51 /* ZoomingScrollView.m */,
				FCDA417414689FD7000D4C50 /* ZoomingScrollView.h */,
				FCDA417414689FD7000D4C4E /* MWPhoto.m */,
				FCDA417414689FD7000D4C4D /* MWPhoto.h */,
				FCDA417414689FD7000D4C4B /* MWPhotoBrowser.m */,
				FCDA417414689FD7000D4C4A /* MWPhotoBrowser.h */,
				10A011C4860B38457134DA6 /* NSString+Utils.m */,
				10A011C4860B38457134DA5 /* NSString+Utils.h */,
				10A011C4860B38457134D9B /* AsyncURLConnection.m */,
				10A011C4860B38457134D9A /* AsyncURLConnection.h */,
				10A011C4860B38457134DA8 /* JSON */,
				10A011C4860B38457134DD2 /* EGOImageLoading */,
				FCDA417414689FD7000D4C28 /* DTGridView */,
				FCDA417414689FD7000D4C41 /* Extension */,
			);
			path = Libraries;
			sourceTree = "<group>";
		};
		10A011C4860B38457134DA8 /* JSON */ = {
			isa = PBXGroup;
			children = (
				10A011C4860B38457134DCD /* SBJsonWriter.m */,
				10A011C4860B38457134DCC /* SBJsonWriter.h */,
				10A011C4860B38457134DCA /* SBJsonUTF8Stream.m */,
				10A011C4860B38457134DC9 /* SBJsonUTF8Stream.h */,
				10A011C4860B38457134DC7 /* SBJsonTokeniser.m */,
				10A011C4860B38457134DC6 /* SBJsonTokeniser.h */,
				10A011C4860B38457134DC4 /* SBJsonStreamWriterState.m */,
				10A011C4860B38457134DC3 /* SBJsonStreamWriterState.h */,
				10A011C4860B38457134DC1 /* SBJsonStreamWriterAccumulator.m */,
				10A011C4860B38457134DC0 /* SBJsonStreamWriterAccumulator.h */,
				10A011C4860B38457134DBE /* SBJsonStreamWriter.m */,
				10A011C4860B38457134DBD /* SBJsonStreamWriter.h */,
				10A011C4860B38457134DBB /* SBJsonStreamParserState.m */,
				10A011C4860B38457134DBA /* SBJsonStreamParserState.h */,
				10A011C4860B38457134DB8 /* SBJsonStreamParserAdapter.m */,
				10A011C4860B38457134DB7 /* SBJsonStreamParserAdapter.h */,
				10A011C4860B38457134DB5 /* SBJsonStreamParserAccumulator.m */,
				10A011C4860B38457134DB4 /* SBJsonStreamParserAccumulator.h */,
				10A011C4860B38457134DB2 /* SBJsonStreamParser.m */,
				10A011C4860B38457134DB1 /* SBJsonStreamParser.h */,
				10A011C4860B38457134DAF /* SBJsonParser.m */,
				10A011C4860B38457134DAE /* SBJsonParser.h */,
				10A011C4860B38457134DAD /* SBJson.h */,
				10A011C4860B38457134DAB /* NSObject+SBJson.m */,
				10A011C4860B38457134DAA /* NSObject+SBJson.h */,
				10A011C4860B38457134DA9 /* JSON.h */,
			);
			path = JSON;
			sourceTree = "<group>";
		};
		10A011C4860B38457134DD2 /* EGOImageLoading */ = {
			isa = PBXGroup;
			children = (
				10A011C4860B38457134DD7 /* EGOImageLoader */,
				10A011C4860B38457134DDE /* EGOImageView */,
				FCDA417414689FD7000D4C5C /* EGOCache */,
			);
			path = EGOImageLoading;
			sourceTree = "<group>";
		};
		10A011C4860B38457134DD7 /* EGOImageLoader */ = {
			isa = PBXGroup;
			children = (
				10A011C4860B38457134DDC /* EGOImageLoader.m */,
				10A011C4860B38457134DDB /* EGOImageLoader.h */,
				10A011C4860B38457134DD9 /* EGOImageLoadConnection.m */,
				10A011C4860B38457134DD8 /* EGOImageLoadConnection.h */,
			);
			path = EGOImageLoader;
			sourceTree = "<group>";
		};
		10A011C4860B38457134DDE /* EGOImageView */ = {
			isa = PBXGroup;
			children = (
				10A011C4860B38457134DE0 /* EGOImageView.m */,
				10A011C4860B38457134DDF /* EGOImageView.h */,
			);
			path = EGOImageView;
			sourceTree = "<group>";
		};
		FCDA417414689FD7000D4C28 /* DTGridView */ = {
			isa = PBXGroup;
			children = (
				FCDA417414689FD7000D4C31 /* DTGridViewController.m */,
				FCDA417414689FD7000D4C30 /* DTGridViewController.h */,
				FCDA417414689FD7000D4C2F /* DTGridViewCellInfoProtocol.h */,
				FCDA417414689FD7000D4C2D /* DTGridViewCell.m */,
				FCDA417414689FD7000D4C2C /* DTGridViewCell.h */,
				FCDA417414689FD7000D4C2A /* DTGridView.m */,
				FCDA417414689FD7000D4C29 /* DTGridView.h */,
				FCDA417414689FD7000D4C33 /* DTInfiniteGridView */,
				FCDA417414689FD7000D4C37 /* DTSnapGridView */,
			);
			path = DTGridView;
			sourceTree = "<group>";
		};
		FCDA417414689FD7000D4C33 /* DTInfiniteGridView */ = {
			isa = PBXGroup;
			children = (
				FCDA417414689FD7000D4C35 /* DTInfiniteGridView.m */,
				FCDA417414689FD7000D4C34 /* DTInfiniteGridView.h */,
			);
			path = DTInfiniteGridView;
			sourceTree = "<group>";
		};
		FCDA417414689FD7000D4C37 /* DTSnapGridView */ = {
			isa = PBXGroup;
			children = (
				FCDA417414689FD7000D4C3F /* DTSnapGridViewCell.m */,
				FCDA417414689FD7000D4C3E /* DTSnapGridViewCell.h */,
				FCDA417414689FD7000D4C3C /* DTSnapGridView.m */,
				FCDA417414689FD7000D4C3B /* DTSnapGridView.h */,
				FCDA417414689FD7000D4C39 /* DTLabelsSnapGridViewCell.m */,
				FCDA417414689FD7000D4C38 /* DTLabelsSnapGridViewCell.h */,
			);
			path = DTSnapGridView;
			sourceTree = "<group>";
		};
		FCDA417414689FD7000D4C41 /* Extension */ = {
			isa = PBXGroup;
			children = (
				FCDA417414689FD7000D4C44 /* UIImage+Resize.h */,
				FCDA417414689FD7000D4C42 /* UIImage+Resize.m */,
			);
			path = Extension;
			sourceTree = "<group>";
		};
		FCDA417414689FD7000D4C5C /* EGOCache */ = {
			isa = PBXGroup;
			children = (
				FCDA417414689FD7000D4C5F /* EGOCache.h */,
				FCDA417414689FD7000D4C5D /* EGOCache.m */,
			);
			path = EGOCache;
			sourceTree = "<group>";
		};
/* End PBXGroup section */

/* Begin PBXNativeTarget section */
		10A011C4860B38457134D63 /* GirlXinhVN */ = {
			isa = PBXNativeTarget;
			buildConfigurationList = 10A011C4860B38457134D64 /* Build configuration list for PBXNativeTarget "GirlXinhVN" */;
			buildPhases = (
				10A011C4860B38457134D67 /* Sources */,
				10A011C4860B38457134D68 /* Frameworks */,
				10A011C4860B38457134D69 /* Resources */,
			);
			buildRules = (
			);
			dependencies = (
			);
			name = GirlXinhVN;
			productName = GirlXinhVN;
			productReference = 10A011C4860B38457134D62 /* GirlXinhVN.app */;
			productType = "com.apple.product-type.application";
		};
/* End PBXNativeTarget section */

/* Begin PBXProject section */
		010A011C4860B38457134D5C /* Project object */ = {
			isa = PBXProject;
			attributes = {
				LastUpgradeCheck = 0420;
			};
			buildConfigurationList = 10A011C4860B38457134D5D /* Build configuration list for PBXProject "GirlXinhVN" */;
			compatibilityVersion = "Xcode 3.2";
			developmentRegion = English;
			hasScannedForEncodings = 0;
			knownRegions = (
				en,
			);
			mainGroup = 10A011C4860B38457134D5E;
			productRefGroup = 10A011C4860B38457134D5F /* Products */;
			projectDirPath = "";
			projectRoot = "";
			targets = (
				10A011C4860B38457134D63 /* GirlXinhVN */,
			);
		};
/* End PBXProject section */

/* Begin PBXResourcesBuildPhase section */
		10A011C4860B38457134D69 /* Resources */ = {
			isa = PBXResourcesBuildPhase;
			buildActionMask = 2147483647;
			files = (
				10A011C4860B38457134D76 /* InfoPlist.strings in Resources */,
				10A011C4860B38457134DA1 /* LoadingViewController.xib in Resources */,
				10A011C4860B38457134DE7 /* PhotoGridViewControllers.xib in Resources */,
				FCDA417414689FD7000D4C27 /* PhotoGridCell.xib in Resources */,
			);
			runOnlyForDeploymentPostprocessing = 0;
		};
/* End PBXResourcesBuildPhase section */

/* Begin PBXSourcesBuildPhase section */
		10A011C4860B38457134D67 /* Sources */ = {
			isa = PBXSourcesBuildPhase;
			buildActionMask = 2147483647;
			files = (
				10A011C4860B38457134D78 /* main.m in Sources */,
				10A011C4860B38457134D7C /* AppDelegate.m in Sources */,
				10A011C4860B38457134D9C /* AsyncURLConnection.m in Sources */,
				10A011C4860B38457134D9F /* LoadingViewController.m in Sources */,
				10A011C4860B38457134DA7 /* NSString+Utils.m in Sources */,
				10A011C4860B38457134DAC /* NSObject+SBJson.m in Sources */,
				10A011C4860B38457134DB0 /* SBJsonParser.m in Sources */,
				10A011C4860B38457134DB3 /* SBJsonStreamParser.m in Sources */,
				10A011C4860B38457134DB6 /* SBJsonStreamParserAccumulator.m in Sources */,
				10A011C4860B38457134DB9 /* SBJsonStreamParserAdapter.m in Sources */,
				10A011C4860B38457134DBC /* SBJsonStreamParserState.m in Sources */,
				10A011C4860B38457134DBF /* SBJsonStreamWriter.m in Sources */,
				10A011C4860B38457134DC2 /* SBJsonStreamWriterAccumulator.m in Sources */,
				10A011C4860B38457134DC5 /* SBJsonStreamWriterState.m in Sources */,
				10A011C4860B38457134DC8 /* SBJsonTokeniser.m in Sources */,
				10A011C4860B38457134DCB /* SBJsonUTF8Stream.m in Sources */,
				10A011C4860B38457134DCE /* SBJsonWriter.m in Sources */,
				10A011C4860B38457134DD0 /* Photo.m in Sources */,
				10A011C4860B38457134DDA /* EGOImageLoadConnection.m in Sources */,
				10A011C4860B38457134DDD /* EGOImageLoader.m in Sources */,
				10A011C4860B38457134DE1 /* EGOImageView.m in Sources */,
				10A011C4860B38457134DE5 /* PhotoGridViewControllers.m in Sources */,
				10A011C4860B38457134DE9 /* PhotoGridCell.m in Sources */,
				FCDA417414689FD7000D4C2B /* DTGridView.m in Sources */,
				FCDA417414689FD7000D4C2E /* DTGridViewCell.m in Sources */,
				FCDA417414689FD7000D4C32 /* DTGridViewController.m in Sources */,
				FCDA417414689FD7000D4C36 /* DTInfiniteGridView.m in Sources */,
				FCDA417414689FD7000D4C3A /* DTLabelsSnapGridViewCell.m in Sources */,
				FCDA417414689FD7000D4C3D /* DTSnapGridView.m in Sources */,
				FCDA417414689FD7000D4C40 /* DTSnapGridViewCell.m in Sources */,
				FCDA417414689FD7000D4C43 /* UIImage+Resize.m in Sources */,
				FCDA417414689FD7000D4C4C /* MWPhotoBrowser.m in Sources */,
				FCDA417414689FD7000D4C4F /* MWPhoto.m in Sources */,
				FCDA417414689FD7000D4C52 /* ZoomingScrollView.m in Sources */,
				FCDA417414689FD7000D4C55 /* UIImageViewTap.m in Sources */,
				FCDA417414689FD7000D4C58 /* UIViewTap.m in Sources */,
				FCDA417414689FD7000D4C5B /* UIImage+Decompress.m in Sources */,
				FCDA417414689FD7000D4C5E /* EGOCache.m in Sources */,
			);
			runOnlyForDeploymentPostprocessing = 0;
		};
/* End PBXSourcesBuildPhase section */

/* Begin PBXVariantGroup section */
		10A011C4860B38457134D75 /* InfoPlist.strings */ = {
			isa = PBXVariantGroup;
			children = (
				10A011C4860B38457134D74 /* en */,
			);
			name = InfoPlist.strings;
			sourceTree = "<group>";
		};
/* End PBXVariantGroup section */

/* Begin XCBuildConfiguration section */
		10A011C4860B38457134D60 /* Release */ = {
			isa = XCBuildConfiguration;
			buildSettings = {
				ALWAYS_SEARCH_USER_PATHS = NO;
				ARCHS = "$(ARCHS_STANDARD_32_BIT)";
				"CODE_SIGN_IDENTITY[sdk=iphoneos*]" = "iPhone Developer";
				COPY_PHASE_STRIP = YES;
				GCC_C_LANGUAGE_STANDARD = gnu99;
				GCC_VERSION = com.apple.compilers.llvm.clang.1_0;
				GCC_WARN_ABOUT_MISSING_PROTOTYPES = YES;
				GCC_WARN_ABOUT_RETURN_TYPE = YES;
				GCC_WARN_UNUSED_VARIABLE = YES;
				IPHONEOS_DEPLOYMENT_TARGET = 5.0;
				OTHER_CFLAGS = "-DNS_BLOCK_ASSERTIONS=1";
				SDKROOT = iphoneos;
				TARGETED_DEVICE_FAMILY = "1,2";
				VALIDATE_PRODUCT = YES;
			};
			name = Release;
		};
		10A011C4860B38457134D61 /* Debug */ = {
			isa = XCBuildConfiguration;
			buildSettings = {
				ALWAYS_SEARCH_USER_PATHS = NO;
				ARCHS = "$(ARCHS_STANDARD_32_BIT)";
				"CODE_SIGN_IDENTITY[sdk=iphoneos*]" = "iPhone Developer";
				COPY_PHASE_STRIP = NO;
				GCC_C_LANGUAGE_STANDARD = gnu99;
				GCC_DYNAMIC_NO_PIC = NO;
				GCC_OPTIMIZATION_LEVEL = 0;
				GCC_PREPROCESSOR_DEFINITIONS = (
					"DEBUG=1",
					"$(inherited)",
				);
				GCC_SYMBOLS_PRIVATE_EXTERN = NO;
				GCC_VERSION = com.apple.compilers.llvm.clang.1_0;
				GCC_WARN_ABOUT_MISSING_PROTOTYPES = YES;
				GCC_WARN_ABOUT_RETURN_TYPE = YES;
				GCC_WARN_UNUSED_VARIABLE = YES;
				IPHONEOS_DEPLOYMENT_TARGET = 5.0;
				SDKROOT = iphoneos;
				TARGETED_DEVICE_FAMILY = "1,2";
			};
			name = Debug;
		};
		10A011C4860B38457134D65 /* Release */ = {
			isa = XCBuildConfiguration;
			buildSettings = {
				GCC_PRECOMPILE_PREFIX_HEADER = YES;
				GCC_PREFIX_HEADER = "GirlXinhVN/GirlXinhVN-Prefix.pch";
				INFOPLIST_FILE = "GirlXinhVN/GirlXinhVN-Info.plist";
				IPHONEOS_DEPLOYMENT_TARGET = 4.3;
				PRODUCT_NAME = "$(TARGET_NAME)";
				WRAPPER_EXTENSION = app;
			};
			name = Release;
		};
		10A011C4860B38457134D66 /* Debug */ = {
			isa = XCBuildConfiguration;
			buildSettings = {
				GCC_PRECOMPILE_PREFIX_HEADER = YES;
				GCC_PREFIX_HEADER = "GirlXinhVN/GirlXinhVN-Prefix.pch";
				INFOPLIST_FILE = "GirlXinhVN/GirlXinhVN-Info.plist";
				IPHONEOS_DEPLOYMENT_TARGET = 4.3;
				PRODUCT_NAME = "$(TARGET_NAME)";
				WRAPPER_EXTENSION = app;
			};
			name = Debug;
		};
/* End XCBuildConfiguration section */

/* Begin XCConfigurationList section */
		10A011C4860B38457134D5D /* Build configuration list for PBXProject "GirlXinhVN" */ = {
			isa = XCConfigurationList;
			buildConfigurations = (
				10A011C4860B38457134D60 /* Release */,
				10A011C4860B38457134D61 /* Debug */,
			);
			defaultConfigurationIsVisible = 0;
			defaultConfigurationName = Release;
		};
		10A011C4860B38457134D64 /* Build configuration list for PBXNativeTarget "GirlXinhVN" */ = {
			isa = XCConfigurationList;
			buildConfigurations = (
				10A011C4860B38457134D65 /* Release */,
				10A011C4860B38457134D66 /* Debug */,
			);
			defaultConfigurationIsVisible = 0;
			defaultConfigurationName = Release;
		};
/* End XCConfigurationList section */
	};
	rootObject = 010A011C4860B38457134D5C /* Project object */;
}
